
Microsoft Visual Studio Solution File, Format Version 12.00
# Visual Studio 15
VisualStudioVersion = 15.0.28307.1300
MinimumVisualStudioVersion = 10.0.40219.1
Project("{FAE04EC0-301F-11D3-BF4B-00C04F79EFBC}") = "TechHomework4", "TechHomework4\TechHomework4.csproj", "{79E72158-D99A-445E-A5FE-C8428AAC8468}"
EndProject
Global
	GlobalSection(SolutionConfigurationPlatforms) = preSolution
		Debug|Any CPU = Debug|Any CPU
		Release|Any CPU = Release|Any CPU
	EndGlobalSection
	GlobalSection(ProjectConfigurationPlatforms) = postSolution
		{79E72158-D99A-445E-A5FE-C8428AAC8468}.Debug|Any CPU.ActiveCfg = Debug|Any CPU
		{79E72158-D99A-445E-A5FE-C8428AAC8468}.Debug|Any CPU.Build.0 = Debug|Any CPU
		{79E72158-D99A-445E-A5FE-C8428AAC8468}.Release|Any CPU.ActiveCfg = Release|Any CPU
		{79E72158-D99A-445E-A5FE-C8428AAC8468}.Release|Any CPU.Build.0 = Release|Any CPU
	EndGlobalSection
	GlobalSection(SolutionProperties) = preSolution
		HideSolutionNode = FALSE
	EndGlobalSection
	GlobalSection(ExtensibilityGlobals) = postSolution
		SolutionGuid = {44F77BCC-7B3E-46DF-B992-4774BFCEA841}
	EndGlobalSection
EndGlobal
